
Microsoft Visual Studio Solution File, Format Version 12.00
# Visual Studio Version 17
VisualStudioVersion = 17.4.33213.308
MinimumVisualStudioVersion = 10.0.40219.1
Project("{9A19103F-16F7-4668-BE54-9A1E7A4F7556}") = "CUSTOMER.ANALYSIS.REPOSITORY", "CUSTOMER.ANALYSIS.REPOSITORY\CUSTOMER.ANALYSIS.REPOSITORY.csproj", "{0B8B0666-352B-4693-888C-DD7A80CFD095}"
EndProject
Project("{9A19103F-16F7-4668-BE54-9A1E7A4F7556}") = "CUSTOMER.ANALYSIS.APPLICATION.CORE", "CUSTOMER.ANALYSIS.APPLICATION.CORE\CUSTOMER.ANALYSIS.APPLICATION.CORE.csproj", "{49C56BDF-BDBE-4723-94DD-CA820FDD5582}"
EndProject
Project("{9A19103F-16F7-4668-BE54-9A1E7A4F7556}") = "CUSTOMER.ANALYSIS.INFRA.SERVICE.MAIL", "CUSTOMER.ANALYSIS.INFRA.SERVICE.MAIL\CUSTOMER.ANALYSIS.INFRA.SERVICE.MAIL.csproj", "{6A0E96C2-128A-49BB-A1F4-67FC555FBE4B}"
EndProject
Project("{9A19103F-16F7-4668-BE54-9A1E7A4F7556}") = "CUSTOMER.ANALYSIS.INFRA.SERVICE.STORAGE", "CUSTOMER.ANALYSIS.INFRA.SERVICE.STORAGE\CUSTOMER.ANALYSIS.INFRA.SERVICE.STORAGE.csproj", "{C3697F14-7A47-47AE-AAA0-6B50FD33C85F}"
EndProject
Project("{9A19103F-16F7-4668-BE54-9A1E7A4F7556}") = "CUSTOMER.ANALYSIS.CROSSCUTTING", "CUSTOMER.ANALYSIS.CROSSCUTTING\CUSTOMER.ANALYSIS.CROSSCUTTING.csproj", "{06344BAE-4D20-47EC-BA5B-5C184AC717C4}"
EndProject
Project("{9A19103F-16F7-4668-BE54-9A1E7A4F7556}") = "CUSTOMER.ANALYSIS.CROSSCUTTING.LOG", "CUSTOMER.ANALYSIS.CROSSCUTTING.LOG\CUSTOMER.ANALYSIS.CROSSCUTTING.LOG.csproj", "{129E6C50-5F5D-4EC3-BC87-9878806D87AF}"
EndProject
Project("{9A19103F-16F7-4668-BE54-9A1E7A4F7556}") = "CUSTOMER.ANALYSIS.UI.SITE.WEB", "CUSTOMER.ANALYSIS.UI.SITE.WEB\CUSTOMER.ANALYSIS.UI.SITE.WEB.csproj", "{4F036484-7EB6-4662-AC28-F1F43A4565EA}"
EndProject
Project("{2150E333-8FDC-42A3-9474-1A3956D46DE8}") = "Infrastructure", "Infrastructure", "{E8F70A5C-FCCD-4D4D-A664-2379044EF724}"
EndProject
Project("{2150E333-8FDC-42A3-9474-1A3956D46DE8}") = "UI", "UI", "{A98C708F-C555-412C-9C12-DA02C6065B29}"
EndProject
Project("{2150E333-8FDC-42A3-9474-1A3956D46DE8}") = "Application Core", "Application Core", "{71E747DB-BE16-4D77-939A-95F835F3EF20}"
EndProject
Global
	GlobalSection(SolutionConfigurationPlatforms) = preSolution
		Debug|Any CPU = Debug|Any CPU
		Release|Any CPU = Release|Any CPU
	EndGlobalSection
	GlobalSection(ProjectConfigurationPlatforms) = postSolution
		{0B8B0666-352B-4693-888C-DD7A80CFD095}.Debug|Any CPU.ActiveCfg = Debug|Any CPU
		{0B8B0666-352B-4693-888C-DD7A80CFD095}.Debug|Any CPU.Build.0 = Debug|Any CPU
		{0B8B0666-352B-4693-888C-DD7A80CFD095}.Release|Any CPU.ActiveCfg = Release|Any CPU
		{0B8B0666-352B-4693-888C-DD7A80CFD095}.Release|Any CPU.Build.0 = Release|Any CPU
		{49C56BDF-BDBE-4723-94DD-CA820FDD5582}.Debug|Any CPU.ActiveCfg = Debug|Any CPU
		{49C56BDF-BDBE-4723-94DD-CA820FDD5582}.Debug|Any CPU.Build.0 = Debug|Any CPU
		{49C56BDF-BDBE-4723-94DD-CA820FDD5582}.Release|Any CPU.ActiveCfg = Release|Any CPU
		{49C56BDF-BDBE-4723-94DD-CA820FDD5582}.Release|Any CPU.Build.0 = Release|Any CPU
		{6A0E96C2-128A-49BB-A1F4-67FC555FBE4B}.Debug|Any CPU.ActiveCfg = Debug|Any CPU
		{6A0E96C2-128A-49BB-A1F4-67FC555FBE4B}.Debug|Any CPU.Build.0 = Debug|Any CPU
		{6A0E96C2-128A-49BB-A1F4-67FC555FBE4B}.Release|Any CPU.ActiveCfg = Release|Any CPU
		{6A0E96C2-128A-49BB-A1F4-67FC555FBE4B}.Release|Any CPU.Build.0 = Release|Any CPU
		{C3697F14-7A47-47AE-AAA0-6B50FD33C85F}.Debug|Any CPU.ActiveCfg = Debug|Any CPU
		{C3697F14-7A47-47AE-AAA0-6B50FD33C85F}.Debug|Any CPU.Build.0 = Debug|Any CPU
		{C3697F14-7A47-47AE-AAA0-6B50FD33C85F}.Release|Any CPU.ActiveCfg = Release|Any CPU
		{C3697F14-7A47-47AE-AAA0-6B50FD33C85F}.Release|Any CPU.Build.0 = Release|Any CPU
		{06344BAE-4D20-47EC-BA5B-5C184AC717C4}.Debug|Any CPU.ActiveCfg = Debug|Any CPU
		{06344BAE-4D20-47EC-BA5B-5C184AC717C4}.Debug|Any CPU.Build.0 = Debug|Any CPU
		{06344BAE-4D20-47EC-BA5B-5C184AC717C4}.Release|Any CPU.ActiveCfg = Release|Any CPU
		{06344BAE-4D20-47EC-BA5B-5C184AC717C4}.Release|Any CPU.Build.0 = Release|Any CPU
		{129E6C50-5F5D-4EC3-BC87-9878806D87AF}.Debug|Any CPU.ActiveCfg = Debug|Any CPU
		{129E6C50-5F5D-4EC3-BC87-9878806D87AF}.Debug|Any CPU.Build.0 = Debug|Any CPU
		{129E6C50-5F5D-4EC3-BC87-9878806D87AF}.Release|Any CPU.ActiveCfg = Release|Any CPU
		{129E6C50-5F5D-4EC3-BC87-9878806D87AF}.Release|Any CPU.Build.0 = Release|Any CPU
		{4F036484-7EB6-4662-AC28-F1F43A4565EA}.Debug|Any CPU.ActiveCfg = Debug|Any CPU
		{4F036484-7EB6-4662-AC28-F1F43A4565EA}.Debug|Any CPU.Build.0 = Debug|Any CPU
		{4F036484-7EB6-4662-AC28-F1F43A4565EA}.Release|Any CPU.ActiveCfg = Release|Any CPU
		{4F036484-7EB6-4662-AC28-F1F43A4565EA}.Release|Any CPU.Build.0 = Release|Any CPU
	EndGlobalSection
	GlobalSection(SolutionProperties) = preSolution
		HideSolutionNode = FALSE
	EndGlobalSection
	GlobalSection(NestedProjects) = preSolution
		{0B8B0666-352B-4693-888C-DD7A80CFD095} = {E8F70A5C-FCCD-4D4D-A664-2379044EF724}
		{49C56BDF-BDBE-4723-94DD-CA820FDD5582} = {71E747DB-BE16-4D77-939A-95F835F3EF20}
		{6A0E96C2-128A-49BB-A1F4-67FC555FBE4B} = {E8F70A5C-FCCD-4D4D-A664-2379044EF724}
		{C3697F14-7A47-47AE-AAA0-6B50FD33C85F} = {E8F70A5C-FCCD-4D4D-A664-2379044EF724}
		{06344BAE-4D20-47EC-BA5B-5C184AC717C4} = {E8F70A5C-FCCD-4D4D-A664-2379044EF724}
		{129E6C50-5F5D-4EC3-BC87-9878806D87AF} = {E8F70A5C-FCCD-4D4D-A664-2379044EF724}
		{4F036484-7EB6-4662-AC28-F1F43A4565EA} = {A98C708F-C555-412C-9C12-DA02C6065B29}
	EndGlobalSection
	GlobalSection(ExtensibilityGlobals) = postSolution
		SolutionGuid = {4532B557-A816-4474-BC7F-AA763F831BA7}
	EndGlobalSection
EndGlobal
